
Microsoft Visual Studio Solution File, Format Version 12.00
# Visual Studio Version 17
VisualStudioVersion = 17.2.32630.192
MinimumVisualStudioVersion = 10.0.40219.1
Project("{FAE04EC0-301F-11D3-BF4B-00C04F79EFBC}") = "Authentication_Authorization", "Authentication_Authorization\Authentication_Authorization.csproj", "{90E29BF4-84EF-4B3D-BF41-D45FDE13CFBF}"
EndProject
Global
	GlobalSection(SolutionConfigurationPlatforms) = preSolution
		Debug|Any CPU = Debug|Any CPU
		Release|Any CPU = Release|Any CPU
	EndGlobalSection
	GlobalSection(ProjectConfigurationPlatforms) = postSolution
		{90E29BF4-84EF-4B3D-BF41-D45FDE13CFBF}.Debug|Any CPU.ActiveCfg = Debug|Any CPU
		{90E29BF4-84EF-4B3D-BF41-D45FDE13CFBF}.Debug|Any CPU.Build.0 = Debug|Any CPU
		{90E29BF4-84EF-4B3D-BF41-D45FDE13CFBF}.Release|Any CPU.ActiveCfg = Release|Any CPU
		{90E29BF4-84EF-4B3D-BF41-D45FDE13CFBF}.Release|Any CPU.Build.0 = Release|Any CPU
	EndGlobalSection
	GlobalSection(SolutionProperties) = preSolution
		HideSolutionNode = FALSE
	EndGlobalSection
	GlobalSection(ExtensibilityGlobals) = postSolution
		SolutionGuid = {783C7F42-ACED-40EF-A57A-742604CD88BB}
	EndGlobalSection
EndGlobal
